{
  "name": "cwp-22-2",
  "version": "1.0.0",
  "lockfileVersion": 1,
  "requires": true,
  "dependencies": {
    "@weronika/cwp-22-1": {
      "version": "1.0.2",
      "resolved": "https://registry.npmjs.org/@weronika/cwp-22-1/-/cwp-22-1-1.0.2.tgz",
      "integrity": "sha512-LfN3p+qy4fQaUCL9VTHuMhJGQpBtYypuhYtp/iKkq1OK9cVexq3JrWjChv0CS3eYhWdcoer5Sgy1J22HMqbubQ=="
    }
  }
}
